
Microsoft Visual Studio Solution File, Format Version 12.00
# Visual Studio Version 17
VisualStudioVersion = 17.14.36301.6 d17.14
MinimumVisualStudioVersion = 10.0.40219.1
Project("{FAE04EC0-301F-11D3-BF4B-00C04F79EFBC}") = "DynamicTileFlow", "DynamicTileFlow\DynamicTileFlow.csproj", "{083B14AE-80A6-4BD9-AB50-59DF925B8682}"
EndProject
Global
	GlobalSection(SolutionConfigurationPlatforms) = preSolution
		Debug|Any CPU = Debug|Any CPU
		Release|Any CPU = Release|Any CPU
	EndGlobalSection
	GlobalSection(ProjectConfigurationPlatforms) = postSolution
		{083B14AE-80A6-4BD9-AB50-59DF925B8682}.Debug|Any CPU.ActiveCfg = Debug|Any CPU
		{083B14AE-80A6-4BD9-AB50-59DF925B8682}.Debug|Any CPU.Build.0 = Debug|Any CPU
		{083B14AE-80A6-4BD9-AB50-59DF925B8682}.Release|Any CPU.ActiveCfg = Release|Any CPU
		{083B14AE-80A6-4BD9-AB50-59DF925B8682}.Release|Any CPU.Build.0 = Release|Any CPU
	EndGlobalSection
	GlobalSection(SolutionProperties) = preSolution
		HideSolutionNode = FALSE
	EndGlobalSection
	GlobalSection(ExtensibilityGlobals) = postSolution
		SolutionGuid = {B45767A3-AFE8-41FB-A869-62F35F66263F}
	EndGlobalSection
EndGlobal
